<?xml version="1.0" encoding="utf-8"?>
<Project ToolsVersion="17.0" xmlns="http://schemas.microsoft.com/developer/msbuild/2003">
  <ItemGroup>
    <ClCompile Include="C:\opus\opus\src\opus.c">
      <Filter>Source Files</Filter>
    </ClCompile>
    <ClCompile Include="C:\opus\opus\src\opus_decoder.c">
      <Filter>Source Files</Filter>
    </ClCompile>
    <ClCompile Include="C:\opus\opus\src\opus_encoder.c">
      <Filter>Source Files</Filter>
    </ClCompile>
    <ClCompile Include="C:\opus\opus\src\extensions.c">
      <Filter>Source Files</Filter>
    </ClCompile>
    <ClCompile Include="C:\opus\opus\src\opus_multistream.c">
      <Filter>Source Files</Filter>
    </ClCompile>
    <ClCompile Include="C:\opus\opus\src\opus_multistream_encoder.c">
      <Filter>Source Files</Filter>
    </ClCompile>
    <ClCompile Include="C:\opus\opus\src\opus_multistream_decoder.c">
      <Filter>Source Files</Filter>
    </ClCompile>
    <ClCompile Include="C:\opus\opus\src\repacketizer.c">
      <Filter>Source Files</Filter>
    </ClCompile>
    <ClCompile Include="C:\opus\opus\src\opus_projection_encoder.c">
      <Filter>Source Files</Filter>
    </ClCompile>
    <ClCompile Include="C:\opus\opus\src\opus_projection_decoder.c">
      <Filter>Source Files</Filter>
    </ClCompile>
    <ClCompile Include="C:\opus\opus\src\mapping_matrix.c">
      <Filter>Source Files</Filter>
    </ClCompile>
    <ClCompile Include="C:\opus\opus\src\analysis.c">
      <Filter>Source Files</Filter>
    </ClCompile>
    <ClCompile Include="C:\opus\opus\src\mlp.c">
      <Filter>Source Files</Filter>
    </ClCompile>
    <ClCompile Include="C:\opus\opus\src\mlp_data.c">
      <Filter>Source Files</Filter>
    </ClCompile>
    <ClCompile Include="C:\opus\opus\silk\CNG.c">
      <Filter>silk</Filter>
    </ClCompile>
    <ClCompile Include="C:\opus\opus\silk\code_signs.c">
      <Filter>silk</Filter>
    </ClCompile>
    <ClCompile Include="C:\opus\opus\silk\init_decoder.c">
      <Filter>silk</Filter>
    </ClCompile>
    <ClCompile Include="C:\opus\opus\silk\decode_core.c">
      <Filter>silk</Filter>
    </ClCompile>
    <ClCompile Include="C:\opus\opus\silk\decode_frame.c">
      <Filter>silk</Filter>
    </ClCompile>
    <ClCompile Include="C:\opus\opus\silk\decode_parameters.c">
      <Filter>silk</Filter>
    </ClCompile>
    <ClCompile Include="C:\opus\opus\silk\decode_indices.c">
      <Filter>silk</Filter>
    </ClCompile>
    <ClCompile Include="C:\opus\opus\silk\decode_pulses.c">
      <Filter>silk</Filter>
    </ClCompile>
    <ClCompile Include="C:\opus\opus\silk\decoder_set_fs.c">
      <Filter>silk</Filter>
    </ClCompile>
    <ClCompile Include="C:\opus\opus\silk\dec_API.c">
      <Filter>silk</Filter>
    </ClCompile>
    <ClCompile Include="C:\opus\opus\silk\enc_API.c">
      <Filter>silk</Filter>
    </ClCompile>
    <ClCompile Include="C:\opus\opus\silk\encode_indices.c">
      <Filter>silk</Filter>
    </ClCompile>
    <ClCompile Include="C:\opus\opus\silk\encode_pulses.c">
      <Filter>silk</Filter>
    </ClCompile>
    <ClCompile Include="C:\opus\opus\silk\gain_quant.c">
      <Filter>silk</Filter>
    </ClCompile>
    <ClCompile Include="C:\opus\opus\silk\interpolate.c">
      <Filter>silk</Filter>
    </ClCompile>
    <ClCompile Include="C:\opus\opus\silk\LP_variable_cutoff.c">
      <Filter>silk</Filter>
    </ClCompile>
    <ClCompile Include="C:\opus\opus\silk\NLSF_decode.c">
      <Filter>silk</Filter>
    </ClCompile>
    <ClCompile Include="C:\opus\opus\silk\NSQ.c">
      <Filter>silk</Filter>
    </ClCompile>
    <ClCompile Include="C:\opus\opus\silk\NSQ_del_dec.c">
      <Filter>silk</Filter>
    </ClCompile>
    <ClCompile Include="C:\opus\opus\silk\PLC.c">
      <Filter>silk</Filter>
    </ClCompile>
    <ClCompile Include="C:\opus\opus\silk\shell_coder.c">
      <Filter>silk</Filter>
    </ClCompile>
    <ClCompile Include="C:\opus\opus\silk\tables_gain.c">
      <Filter>silk</Filter>
    </ClCompile>
    <ClCompile Include="C:\opus\opus\silk\tables_LTP.c">
      <Filter>silk</Filter>
    </ClCompile>
    <ClCompile Include="C:\opus\opus\silk\tables_NLSF_CB_NB_MB.c">
      <Filter>silk</Filter>
    </ClCompile>
    <ClCompile Include="C:\opus\opus\silk\tables_NLSF_CB_WB.c">
      <Filter>silk</Filter>
    </ClCompile>
    <ClCompile Include="C:\opus\opus\silk\tables_other.c">
      <Filter>silk</Filter>
    </ClCompile>
    <ClCompile Include="C:\opus\opus\silk\tables_pitch_lag.c">
      <Filter>silk</Filter>
    </ClCompile>
    <ClCompile Include="C:\opus\opus\silk\tables_pulses_per_block.c">
      <Filter>silk</Filter>
    </ClCompile>
    <ClCompile Include="C:\opus\opus\silk\VAD.c">
      <Filter>silk</Filter>
    </ClCompile>
    <ClCompile Include="C:\opus\opus\silk\control_audio_bandwidth.c">
      <Filter>silk</Filter>
    </ClCompile>
    <ClCompile Include="C:\opus\opus\silk\quant_LTP_gains.c">
      <Filter>silk</Filter>
    </ClCompile>
    <ClCompile Include="C:\opus\opus\silk\VQ_WMat_EC.c">
      <Filter>silk</Filter>
    </ClCompile>
    <ClCompile Include="C:\opus\opus\silk\HP_variable_cutoff.c">
      <Filter>silk</Filter>
    </ClCompile>
    <ClCompile Include="C:\opus\opus\silk\NLSF_encode.c">
      <Filter>silk</Filter>
    </ClCompile>
    <ClCompile Include="C:\opus\opus\silk\NLSF_VQ.c">
      <Filter>silk</Filter>
    </ClCompile>
    <ClCompile Include="C:\opus\opus\silk\NLSF_unpack.c">
      <Filter>silk</Filter>
    </ClCompile>
    <ClCompile Include="C:\opus\opus\silk\NLSF_del_dec_quant.c">
      <Filter>silk</Filter>
    </ClCompile>
    <ClCompile Include="C:\opus\opus\silk\process_NLSFs.c">
      <Filter>silk</Filter>
    </ClCompile>
    <ClCompile Include="C:\opus\opus\silk\stereo_LR_to_MS.c">
      <Filter>silk</Filter>
    </ClCompile>
    <ClCompile Include="C:\opus\opus\silk\stereo_MS_to_LR.c">
      <Filter>silk</Filter>
    </ClCompile>
    <ClCompile Include="C:\opus\opus\silk\check_control_input.c">
      <Filter>silk</Filter>
    </ClCompile>
    <ClCompile Include="C:\opus\opus\silk\control_SNR.c">
      <Filter>silk</Filter>
    </ClCompile>
    <ClCompile Include="C:\opus\opus\silk\init_encoder.c">
      <Filter>silk</Filter>
    </ClCompile>
    <ClCompile Include="C:\opus\opus\silk\control_codec.c">
      <Filter>silk</Filter>
    </ClCompile>
    <ClCompile Include="C:\opus\opus\silk\A2NLSF.c">
      <Filter>silk</Filter>
    </ClCompile>
    <ClCompile Include="C:\opus\opus\silk\ana_filt_bank_1.c">
      <Filter>silk</Filter>
    </ClCompile>
    <ClCompile Include="C:\opus\opus\silk\biquad_alt.c">
      <Filter>silk</Filter>
    </ClCompile>
    <ClCompile Include="C:\opus\opus\silk\bwexpander_32.c">
      <Filter>silk</Filter>
    </ClCompile>
    <ClCompile Include="C:\opus\opus\silk\bwexpander.c">
      <Filter>silk</Filter>
    </ClCompile>
    <ClCompile Include="C:\opus\opus\silk\debug.c">
      <Filter>silk</Filter>
    </ClCompile>
    <ClCompile Include="C:\opus\opus\silk\decode_pitch.c">
      <Filter>silk</Filter>
    </ClCompile>
    <ClCompile Include="C:\opus\opus\silk\inner_prod_aligned.c">
      <Filter>silk</Filter>
    </ClCompile>
    <ClCompile Include="C:\opus\opus\silk\lin2log.c">
      <Filter>silk</Filter>
    </ClCompile>
    <ClCompile Include="C:\opus\opus\silk\log2lin.c">
      <Filter>silk</Filter>
    </ClCompile>
    <ClCompile Include="C:\opus\opus\silk\LPC_analysis_filter.c">
      <Filter>silk</Filter>
    </ClCompile>
    <ClCompile Include="C:\opus\opus\silk\LPC_inv_pred_gain.c">
      <Filter>silk</Filter>
    </ClCompile>
    <ClCompile Include="C:\opus\opus\silk\table_LSF_cos.c">
      <Filter>silk</Filter>
    </ClCompile>
    <ClCompile Include="C:\opus\opus\silk\NLSF2A.c">
      <Filter>silk</Filter>
    </ClCompile>
    <ClCompile Include="C:\opus\opus\silk\NLSF_stabilize.c">
      <Filter>silk</Filter>
    </ClCompile>
    <ClCompile Include="C:\opus\opus\silk\NLSF_VQ_weights_laroia.c">
      <Filter>silk</Filter>
    </ClCompile>
    <ClCompile Include="C:\opus\opus\silk\pitch_est_tables.c">
      <Filter>silk</Filter>
    </ClCompile>
    <ClCompile Include="C:\opus\opus\silk\resampler.c">
      <Filter>silk</Filter>
    </ClCompile>
    <ClCompile Include="C:\opus\opus\silk\resampler_down2_3.c">
      <Filter>silk</Filter>
    </ClCompile>
    <ClCompile Include="C:\opus\opus\silk\resampler_down2.c">
      <Filter>silk</Filter>
    </ClCompile>
    <ClCompile Include="C:\opus\opus\silk\resampler_private_AR2.c">
      <Filter>silk</Filter>
    </ClCompile>
    <ClCompile Include="C:\opus\opus\silk\resampler_private_down_FIR.c">
      <Filter>silk</Filter>
    </ClCompile>
    <ClCompile Include="C:\opus\opus\silk\resampler_private_IIR_FIR.c">
      <Filter>silk</Filter>
    </ClCompile>
    <ClCompile Include="C:\opus\opus\silk\resampler_private_up2_HQ.c">
      <Filter>silk</Filter>
    </ClCompile>
    <ClCompile Include="C:\opus\opus\silk\resampler_rom.c">
      <Filter>silk</Filter>
    </ClCompile>
    <ClCompile Include="C:\opus\opus\silk\sigm_Q15.c">
      <Filter>silk</Filter>
    </ClCompile>
    <ClCompile Include="C:\opus\opus\silk\sort.c">
      <Filter>silk</Filter>
    </ClCompile>
    <ClCompile Include="C:\opus\opus\silk\sum_sqr_shift.c">
      <Filter>silk</Filter>
    </ClCompile>
    <ClCompile Include="C:\opus\opus\silk\stereo_decode_pred.c">
      <Filter>silk</Filter>
    </ClCompile>
    <ClCompile Include="C:\opus\opus\silk\stereo_encode_pred.c">
      <Filter>silk</Filter>
    </ClCompile>
    <ClCompile Include="C:\opus\opus\silk\stereo_find_predictor.c">
      <Filter>silk</Filter>
    </ClCompile>
    <ClCompile Include="C:\opus\opus\silk\stereo_quant_pred.c">
      <Filter>silk</Filter>
    </ClCompile>
    <ClCompile Include="C:\opus\opus\silk\LPC_fit.c">
      <Filter>silk</Filter>
    </ClCompile>
    <ClCompile Include="C:\opus\opus\celt\bands.c">
      <Filter>celt</Filter>
    </ClCompile>
    <ClCompile Include="C:\opus\opus\celt\celt.c">
      <Filter>celt</Filter>
    </ClCompile>
    <ClCompile Include="C:\opus\opus\celt\celt_encoder.c">
      <Filter>celt</Filter>
    </ClCompile>
    <ClCompile Include="C:\opus\opus\celt\celt_decoder.c">
      <Filter>celt</Filter>
    </ClCompile>
    <ClCompile Include="C:\opus\opus\celt\cwrs.c">
      <Filter>celt</Filter>
    </ClCompile>
    <ClCompile Include="C:\opus\opus\celt\entcode.c">
      <Filter>celt</Filter>
    </ClCompile>
    <ClCompile Include="C:\opus\opus\celt\entdec.c">
      <Filter>celt</Filter>
    </ClCompile>
    <ClCompile Include="C:\opus\opus\celt\entenc.c">
      <Filter>celt</Filter>
    </ClCompile>
    <ClCompile Include="C:\opus\opus\celt\kiss_fft.c">
      <Filter>celt</Filter>
    </ClCompile>
    <ClCompile Include="C:\opus\opus\celt\laplace.c">
      <Filter>celt</Filter>
    </ClCompile>
    <ClCompile Include="C:\opus\opus\celt\mathops.c">
      <Filter>celt</Filter>
    </ClCompile>
    <ClCompile Include="C:\opus\opus\celt\mdct.c">
      <Filter>celt</Filter>
    </ClCompile>
    <ClCompile Include="C:\opus\opus\celt\modes.c">
      <Filter>celt</Filter>
    </ClCompile>
    <ClCompile Include="C:\opus\opus\celt\pitch.c">
      <Filter>celt</Filter>
    </ClCompile>
    <ClCompile Include="C:\opus\opus\celt\celt_lpc.c">
      <Filter>celt</Filter>
    </ClCompile>
    <ClCompile Include="C:\opus\opus\celt\quant_bands.c">
      <Filter>celt</Filter>
    </ClCompile>
    <ClCompile Include="C:\opus\opus\celt\rate.c">
      <Filter>celt</Filter>
    </ClCompile>
    <ClCompile Include="C:\opus\opus\celt\vq.c">
      <Filter>celt</Filter>
    </ClCompile>
    <ClCompile Include="C:\opus\opus\silk\float\apply_sine_window_FLP.c">
      <Filter>silk</Filter>
    </ClCompile>
    <ClCompile Include="C:\opus\opus\silk\float\corrMatrix_FLP.c">
      <Filter>silk</Filter>
    </ClCompile>
    <ClCompile Include="C:\opus\opus\silk\float\encode_frame_FLP.c">
      <Filter>silk</Filter>
    </ClCompile>
    <ClCompile Include="C:\opus\opus\silk\float\find_LPC_FLP.c">
      <Filter>silk</Filter>
    </ClCompile>
    <ClCompile Include="C:\opus\opus\silk\float\find_LTP_FLP.c">
      <Filter>silk</Filter>
    </ClCompile>
    <ClCompile Include="C:\opus\opus\silk\float\find_pitch_lags_FLP.c">
      <Filter>silk</Filter>
    </ClCompile>
    <ClCompile Include="C:\opus\opus\silk\float\find_pred_coefs_FLP.c">
      <Filter>silk</Filter>
    </ClCompile>
    <ClCompile Include="C:\opus\opus\silk\float\LPC_analysis_filter_FLP.c">
      <Filter>silk</Filter>
    </ClCompile>
    <ClCompile Include="C:\opus\opus\silk\float\LTP_analysis_filter_FLP.c">
      <Filter>silk</Filter>
    </ClCompile>
    <ClCompile Include="C:\opus\opus\silk\float\LTP_scale_ctrl_FLP.c">
      <Filter>silk</Filter>
    </ClCompile>
    <ClCompile Include="C:\opus\opus\silk\float\noise_shape_analysis_FLP.c">
      <Filter>silk</Filter>
    </ClCompile>
    <ClCompile Include="C:\opus\opus\silk\float\process_gains_FLP.c">
      <Filter>silk</Filter>
    </ClCompile>
    <ClCompile Include="C:\opus\opus\silk\float\regularize_correlations_FLP.c">
      <Filter>silk</Filter>
    </ClCompile>
    <ClCompile Include="C:\opus\opus\silk\float\residual_energy_FLP.c">
      <Filter>silk</Filter>
    </ClCompile>
    <ClCompile Include="C:\opus\opus\silk\float\warped_autocorrelation_FLP.c">
      <Filter>silk</Filter>
    </ClCompile>
    <ClCompile Include="C:\opus\opus\silk\float\wrappers_FLP.c">
      <Filter>silk</Filter>
    </ClCompile>
    <ClCompile Include="C:\opus\opus\silk\float\autocorrelation_FLP.c">
      <Filter>silk</Filter>
    </ClCompile>
    <ClCompile Include="C:\opus\opus\silk\float\burg_modified_FLP.c">
      <Filter>silk</Filter>
    </ClCompile>
    <ClCompile Include="C:\opus\opus\silk\float\bwexpander_FLP.c">
      <Filter>silk</Filter>
    </ClCompile>
    <ClCompile Include="C:\opus\opus\silk\float\energy_FLP.c">
      <Filter>silk</Filter>
    </ClCompile>
    <ClCompile Include="C:\opus\opus\silk\float\inner_product_FLP.c">
      <Filter>silk</Filter>
    </ClCompile>
    <ClCompile Include="C:\opus\opus\silk\float\k2a_FLP.c">
      <Filter>silk</Filter>
    </ClCompile>
    <ClCompile Include="C:\opus\opus\silk\float\LPC_inv_pred_gain_FLP.c">
      <Filter>silk</Filter>
    </ClCompile>
    <ClCompile Include="C:\opus\opus\silk\float\pitch_analysis_core_FLP.c">
      <Filter>silk</Filter>
    </ClCompile>
    <ClCompile Include="C:\opus\opus\silk\float\scale_copy_vector_FLP.c">
      <Filter>silk</Filter>
    </ClCompile>
    <ClCompile Include="C:\opus\opus\silk\float\scale_vector_FLP.c">
      <Filter>silk</Filter>
    </ClCompile>
    <ClCompile Include="C:\opus\opus\silk\float\schur_FLP.c">
      <Filter>silk</Filter>
    </ClCompile>
    <ClCompile Include="C:\opus\opus\silk\float\sort_FLP.c">
      <Filter>silk</Filter>
    </ClCompile>
    <ClCompile Include="C:\opus\opus\celt\x86\x86cpu.c">
      <Filter>celt</Filter>
    </ClCompile>
    <ClCompile Include="C:\opus\opus\celt\x86\x86_celt_map.c">
      <Filter>celt</Filter>
    </ClCompile>
    <ClCompile Include="C:\opus\opus\silk\x86\x86_silk_map.c">
      <Filter>silk</Filter>
    </ClCompile>
    <ClCompile Include="C:\opus\opus\celt\x86\pitch_sse.c">
      <Filter>celt</Filter>
    </ClCompile>
    <ClCompile Include="C:\opus\opus\celt\x86\pitch_sse2.c">
      <Filter>celt</Filter>
    </ClCompile>
    <ClCompile Include="C:\opus\opus\celt\x86\vq_sse2.c">
      <Filter>celt</Filter>
    </ClCompile>
    <ClCompile Include="C:\opus\opus\celt\x86\celt_lpc_sse4_1.c">
      <Filter>celt</Filter>
    </ClCompile>
    <ClCompile Include="C:\opus\opus\celt\x86\pitch_sse4_1.c">
      <Filter>celt</Filter>
    </ClCompile>
    <ClCompile Include="C:\opus\opus\silk\x86\NSQ_sse4_1.c">
      <Filter>silk</Filter>
    </ClCompile>
    <ClCompile Include="C:\opus\opus\silk\x86\NSQ_del_dec_sse4_1.c">
      <Filter>silk</Filter>
    </ClCompile>
    <ClCompile Include="C:\opus\opus\silk\x86\VAD_sse4_1.c">
      <Filter>silk</Filter>
    </ClCompile>
    <ClCompile Include="C:\opus\opus\silk\x86\VQ_WMat_EC_sse4_1.c">
      <Filter>silk</Filter>
    </ClCompile>
    <ClCompile Include="C:\opus\opus\celt\x86\pitch_avx.c">
      <Filter>celt</Filter>
    </ClCompile>
    <ClCompile Include="C:\opus\opus\silk\x86\NSQ_del_dec_avx2.c">
      <Filter>silk</Filter>
    </ClCompile>
    <ClCompile Include="C:\opus\opus\silk\float\x86\inner_product_FLP_avx2.c">
      <Filter>silk</Filter>
    </ClCompile>
  </ItemGroup>
  <ItemGroup>
    <ClInclude Include="C:\opus\opus\include\opus.h">
      <Filter>Header Files</Filter>
    </ClInclude>
    <ClInclude Include="C:\opus\opus\include\opus_multistream.h">
      <Filter>Header Files</Filter>
    </ClInclude>
    <ClInclude Include="C:\opus\opus\include\opus_projection.h">
      <Filter>Header Files</Filter>
    </ClInclude>
    <ClInclude Include="C:\opus\opus\src\opus_private.h">
      <Filter>Header Files</Filter>
    </ClInclude>
    <ClInclude Include="C:\opus\opus\src\analysis.h">
      <Filter>Header Files</Filter>
    </ClInclude>
    <ClInclude Include="C:\opus\opus\src\mapping_matrix.h">
      <Filter>Header Files</Filter>
    </ClInclude>
    <ClInclude Include="C:\opus\opus\src\mlp.h">
      <Filter>Header Files</Filter>
    </ClInclude>
    <ClInclude Include="C:\opus\opus\include\opus_defines.h">
      <Filter>celt</Filter>
    </ClInclude>
    <ClInclude Include="C:\opus\opus\include\opus_types.h">
      <Filter>celt</Filter>
    </ClInclude>
    <ClInclude Include="C:\opus\opus\silk\debug.h">
      <Filter>silk</Filter>
    </ClInclude>
    <ClInclude Include="C:\opus\opus\silk\control.h">
      <Filter>silk</Filter>
    </ClInclude>
    <ClInclude Include="C:\opus\opus\silk\errors.h">
      <Filter>silk</Filter>
    </ClInclude>
    <ClInclude Include="C:\opus\opus\silk\API.h">
      <Filter>silk</Filter>
    </ClInclude>
    <ClInclude Include="C:\opus\opus\silk\typedef.h">
      <Filter>silk</Filter>
    </ClInclude>
    <ClInclude Include="C:\opus\opus\silk\define.h">
      <Filter>silk</Filter>
    </ClInclude>
    <ClInclude Include="C:\opus\opus\silk\main.h">
      <Filter>silk</Filter>
    </ClInclude>
    <ClInclude Include="C:\opus\opus\silk\x86\main_sse.h">
      <Filter>silk</Filter>
    </ClInclude>
    <ClInclude Include="C:\opus\opus\silk\PLC.h">
      <Filter>silk</Filter>
    </ClInclude>
    <ClInclude Include="C:\opus\opus\silk\structs.h">
      <Filter>silk</Filter>
    </ClInclude>
    <ClInclude Include="C:\opus\opus\silk\tables.h">
      <Filter>silk</Filter>
    </ClInclude>
    <ClInclude Include="C:\opus\opus\silk\tuning_parameters.h">
      <Filter>silk</Filter>
    </ClInclude>
    <ClInclude Include="C:\opus\opus\silk\Inlines.h">
      <Filter>silk</Filter>
    </ClInclude>
    <ClInclude Include="C:\opus\opus\silk\MacroCount.h">
      <Filter>silk</Filter>
    </ClInclude>
    <ClInclude Include="C:\opus\opus\silk\MacroDebug.h">
      <Filter>silk</Filter>
    </ClInclude>
    <ClInclude Include="C:\opus\opus\silk\macros.h">
      <Filter>silk</Filter>
    </ClInclude>
    <ClInclude Include="C:\opus\opus\silk\NSQ.h">
      <Filter>silk</Filter>
    </ClInclude>
    <ClInclude Include="C:\opus\opus\silk\pitch_est_defines.h">
      <Filter>silk</Filter>
    </ClInclude>
    <ClInclude Include="C:\opus\opus\silk\resampler_private.h">
      <Filter>silk</Filter>
    </ClInclude>
    <ClInclude Include="C:\opus\opus\silk\resampler_rom.h">
      <Filter>silk</Filter>
    </ClInclude>
    <ClInclude Include="C:\opus\opus\silk\resampler_structs.h">
      <Filter>silk</Filter>
    </ClInclude>
    <ClInclude Include="C:\opus\opus\silk\SigProc_FIX.h">
      <Filter>silk</Filter>
    </ClInclude>
    <ClInclude Include="C:\opus\opus\silk\x86\SigProc_FIX_sse.h">
      <Filter>silk</Filter>
    </ClInclude>
    <ClInclude Include="C:\opus\opus\silk\arm\biquad_alt_arm.h">
      <Filter>silk</Filter>
    </ClInclude>
    <ClInclude Include="C:\opus\opus\silk\arm\LPC_inv_pred_gain_arm.h">
      <Filter>silk</Filter>
    </ClInclude>
    <ClInclude Include="C:\opus\opus\silk\arm\macros_armv4.h">
      <Filter>silk</Filter>
    </ClInclude>
    <ClInclude Include="C:\opus\opus\silk\arm\macros_armv5e.h">
      <Filter>silk</Filter>
    </ClInclude>
    <ClInclude Include="C:\opus\opus\silk\arm\macros_arm64.h">
      <Filter>silk</Filter>
    </ClInclude>
    <ClInclude Include="C:\opus\opus\silk\arm\SigProc_FIX_armv4.h">
      <Filter>silk</Filter>
    </ClInclude>
    <ClInclude Include="C:\opus\opus\silk\arm\SigProc_FIX_armv5e.h">
      <Filter>silk</Filter>
    </ClInclude>
    <ClInclude Include="C:\opus\opus\silk\arm\NSQ_del_dec_arm.h">
      <Filter>silk</Filter>
    </ClInclude>
    <ClInclude Include="C:\opus\opus\silk\arm\NSQ_neon.h">
      <Filter>silk</Filter>
    </ClInclude>
    <ClInclude Include="C:\opus\opus\silk\fixed\main_FIX.h">
      <Filter>silk</Filter>
    </ClInclude>
    <ClInclude Include="C:\opus\opus\silk\fixed\structs_FIX.h">
      <Filter>silk</Filter>
    </ClInclude>
    <ClInclude Include="C:\opus\opus\silk\fixed\arm\warped_autocorrelation_FIX_arm.h">
      <Filter>silk</Filter>
    </ClInclude>
    <ClInclude Include="C:\opus\opus\silk\fixed\mips\noise_shape_analysis_FIX_mipsr1.h">
      <Filter>silk</Filter>
    </ClInclude>
    <ClInclude Include="C:\opus\opus\silk\fixed\mips\warped_autocorrelation_FIX_mipsr1.h">
      <Filter>silk</Filter>
    </ClInclude>
    <ClInclude Include="C:\opus\opus\silk\float\main_FLP.h">
      <Filter>silk</Filter>
    </ClInclude>
    <ClInclude Include="C:\opus\opus\silk\float\structs_FLP.h">
      <Filter>silk</Filter>
    </ClInclude>
    <ClInclude Include="C:\opus\opus\silk\float\SigProc_FLP.h">
      <Filter>silk</Filter>
    </ClInclude>
    <ClInclude Include="C:\opus\opus\silk\mips\macros_mipsr1.h">
      <Filter>silk</Filter>
    </ClInclude>
    <ClInclude Include="C:\opus\opus\silk\mips\NSQ_del_dec_mipsr1.h">
      <Filter>silk</Filter>
    </ClInclude>
    <ClInclude Include="C:\opus\opus\silk\mips\sigproc_fix_mipsr1.h">
      <Filter>silk</Filter>
    </ClInclude>
    <ClInclude Include="C:\opus\opus\celt\arch.h">
      <Filter>celt</Filter>
    </ClInclude>
    <ClInclude Include="C:\opus\opus\celt\bands.h">
      <Filter>celt</Filter>
    </ClInclude>
    <ClInclude Include="C:\opus\opus\celt\celt.h">
      <Filter>celt</Filter>
    </ClInclude>
    <ClInclude Include="C:\opus\opus\celt\cpu_support.h">
      <Filter>celt</Filter>
    </ClInclude>
    <ClInclude Include="C:\opus\opus\include\opus_custom.h">
      <Filter>celt</Filter>
    </ClInclude>
    <ClInclude Include="C:\opus\opus\celt\cwrs.h">
      <Filter>celt</Filter>
    </ClInclude>
    <ClInclude Include="C:\opus\opus\celt\ecintrin.h">
      <Filter>celt</Filter>
    </ClInclude>
    <ClInclude Include="C:\opus\opus\celt\entcode.h">
      <Filter>celt</Filter>
    </ClInclude>
    <ClInclude Include="C:\opus\opus\celt\entdec.h">
      <Filter>celt</Filter>
    </ClInclude>
    <ClInclude Include="C:\opus\opus\celt\entenc.h">
      <Filter>celt</Filter>
    </ClInclude>
    <ClInclude Include="C:\opus\opus\celt\fixed_debug.h">
      <Filter>celt</Filter>
    </ClInclude>
    <ClInclude Include="C:\opus\opus\celt\fixed_generic.h">
      <Filter>celt</Filter>
    </ClInclude>
    <ClInclude Include="C:\opus\opus\celt\float_cast.h">
      <Filter>celt</Filter>
    </ClInclude>
    <ClInclude Include="C:\opus\opus\celt\_kiss_fft_guts.h">
      <Filter>celt</Filter>
    </ClInclude>
    <ClInclude Include="C:\opus\opus\celt\kiss_fft.h">
      <Filter>celt</Filter>
    </ClInclude>
    <ClInclude Include="C:\opus\opus\celt\laplace.h">
      <Filter>celt</Filter>
    </ClInclude>
    <ClInclude Include="C:\opus\opus\celt\mathops.h">
      <Filter>celt</Filter>
    </ClInclude>
    <ClInclude Include="C:\opus\opus\celt\mdct.h">
      <Filter>celt</Filter>
    </ClInclude>
    <ClInclude Include="C:\opus\opus\celt\mfrngcod.h">
      <Filter>celt</Filter>
    </ClInclude>
    <ClInclude Include="C:\opus\opus\celt\modes.h">
      <Filter>celt</Filter>
    </ClInclude>
    <ClInclude Include="C:\opus\opus\celt\os_support.h">
      <Filter>celt</Filter>
    </ClInclude>
    <ClInclude Include="C:\opus\opus\celt\pitch.h">
      <Filter>celt</Filter>
    </ClInclude>
    <ClInclude Include="C:\opus\opus\celt\celt_lpc.h">
      <Filter>celt</Filter>
    </ClInclude>
    <ClInclude Include="C:\opus\opus\celt\x86\celt_lpc_sse.h">
      <Filter>celt</Filter>
    </ClInclude>
    <ClInclude Include="C:\opus\opus\celt\quant_bands.h">
      <Filter>celt</Filter>
    </ClInclude>
    <ClInclude Include="C:\opus\opus\celt\rate.h">
      <Filter>celt</Filter>
    </ClInclude>
    <ClInclude Include="C:\opus\opus\celt\stack_alloc.h">
      <Filter>celt</Filter>
    </ClInclude>
    <ClInclude Include="C:\opus\opus\celt\vq.h">
      <Filter>celt</Filter>
    </ClInclude>
    <ClInclude Include="C:\opus\opus\celt\static_modes_float.h">
      <Filter>celt</Filter>
    </ClInclude>
    <ClInclude Include="C:\opus\opus\celt\static_modes_fixed.h">
      <Filter>celt</Filter>
    </ClInclude>
    <ClInclude Include="C:\opus\opus\celt\static_modes_float_arm_ne10.h">
      <Filter>celt</Filter>
    </ClInclude>
    <ClInclude Include="C:\opus\opus\celt\static_modes_fixed_arm_ne10.h">
      <Filter>celt</Filter>
    </ClInclude>
    <ClInclude Include="C:\opus\opus\celt\arm\armcpu.h">
      <Filter>celt</Filter>
    </ClInclude>
    <ClInclude Include="C:\opus\opus\celt\arm\fixed_armv4.h">
      <Filter>celt</Filter>
    </ClInclude>
    <ClInclude Include="C:\opus\opus\celt\arm\fixed_armv5e.h">
      <Filter>celt</Filter>
    </ClInclude>
    <ClInclude Include="C:\opus\opus\celt\arm\fixed_arm64.h">
      <Filter>celt</Filter>
    </ClInclude>
    <ClInclude Include="C:\opus\opus\celt\arm\kiss_fft_armv4.h">
      <Filter>celt</Filter>
    </ClInclude>
    <ClInclude Include="C:\opus\opus\celt\arm\kiss_fft_armv5e.h">
      <Filter>celt</Filter>
    </ClInclude>
    <ClInclude Include="C:\opus\opus\celt\arm\pitch_arm.h">
      <Filter>celt</Filter>
    </ClInclude>
    <ClInclude Include="C:\opus\opus\celt\arm\fft_arm.h">
      <Filter>celt</Filter>
    </ClInclude>
    <ClInclude Include="C:\opus\opus\celt\arm\mdct_arm.h">
      <Filter>celt</Filter>
    </ClInclude>
    <ClInclude Include="C:\opus\opus\celt\mips\celt_mipsr1.h">
      <Filter>celt</Filter>
    </ClInclude>
    <ClInclude Include="C:\opus\opus\celt\mips\fixed_generic_mipsr1.h">
      <Filter>celt</Filter>
    </ClInclude>
    <ClInclude Include="C:\opus\opus\celt\mips\kiss_fft_mipsr1.h">
      <Filter>celt</Filter>
    </ClInclude>
    <ClInclude Include="C:\opus\opus\celt\mips\mdct_mipsr1.h">
      <Filter>celt</Filter>
    </ClInclude>
    <ClInclude Include="C:\opus\opus\celt\mips\pitch_mipsr1.h">
      <Filter>celt</Filter>
    </ClInclude>
    <ClInclude Include="C:\opus\opus\celt\mips\vq_mipsr1.h">
      <Filter>celt</Filter>
    </ClInclude>
    <ClInclude Include="C:\opus\opus\celt\x86\pitch_sse.h">
      <Filter>celt</Filter>
    </ClInclude>
    <ClInclude Include="C:\opus\opus\celt\x86\vq_sse.h">
      <Filter>celt</Filter>
    </ClInclude>
    <ClInclude Include="C:\opus\opus\celt\x86\x86_arch_macros.h">
      <Filter>celt</Filter>
    </ClInclude>
    <ClInclude Include="C:\opus\opus\celt\x86\x86cpu.h">
      <Filter>celt</Filter>
    </ClInclude>
  </ItemGroup>
  <ItemGroup>
    <CustomBuild Include="C:\opus\opus\CMakeLists.txt" />
  </ItemGroup>
  <ItemGroup>
    <Filter Include="Header Files">
      <UniqueIdentifier>{358F315A-AAF5-3844-AF34-23E11A02ABED}</UniqueIdentifier>
    </Filter>
    <Filter Include="Source Files">
      <UniqueIdentifier>{40E895C4-934B-361E-AD53-604C678988CD}</UniqueIdentifier>
    </Filter>
    <Filter Include="celt">
      <UniqueIdentifier>{5E0F51AF-7FBC-3F1D-8974-B1C35966BAD0}</UniqueIdentifier>
    </Filter>
    <Filter Include="silk">
      <UniqueIdentifier>{F575E8DA-D5D7-3E89-A5ED-EA2DD885EF67}</UniqueIdentifier>
    </Filter>
  </ItemGroup>
</Project>
