
Microsoft Visual Studio Solution File, Format Version 12.00
# Visual Studio Version 17
Project("{2150E333-8FDC-42A3-9474-1A3956D46DE8}") = "CMakePredefinedTargets", "CMakePredefinedTargets", "{B55EFEE9-4B5D-3C72-A9C9-5E31243E035F}"
EndProject
Project("{8BC9CEB8-8B4A-11D0-8D11-00A0C91BC942}") = "ALL_BUILD", "ALL_BUILD.vcxproj", "{E704A67C-B98B-30AF-A68A-9CE9F55FFF2E}"
	ProjectSection(ProjectDependencies) = postProject
		{91312121-E0AF-3F75-AE67-194B5871B332} = {91312121-E0AF-3F75-AE67-194B5871B332}
		{A2013ADF-2906-35A8-B338-E5EAE8243E6F} = {A2013ADF-2906-35A8-B338-E5EAE8243E6F}
	EndProjectSection
EndProject
Project("{8BC9CEB8-8B4A-11D0-8D11-00A0C91BC942}") = "INSTALL", "INSTALL.vcxproj", "{C95C1586-930F-3683-BE50-E77777DB2793}"
	ProjectSection(ProjectDependencies) = postProject
		{E704A67C-B98B-30AF-A68A-9CE9F55FFF2E} = {E704A67C-B98B-30AF-A68A-9CE9F55FFF2E}
		{91312121-E0AF-3F75-AE67-194B5871B332} = {91312121-E0AF-3F75-AE67-194B5871B332}
	EndProjectSection
EndProject
Project("{8BC9CEB8-8B4A-11D0-8D11-00A0C91BC942}") = "PACKAGE", "PACKAGE.vcxproj", "{657AEDF1-D8C2-3350-96E1-3CB1E9688C72}"
	ProjectSection(ProjectDependencies) = postProject
		{E704A67C-B98B-30AF-A68A-9CE9F55FFF2E} = {E704A67C-B98B-30AF-A68A-9CE9F55FFF2E}
		{91312121-E0AF-3F75-AE67-194B5871B332} = {91312121-E0AF-3F75-AE67-194B5871B332}
	EndProjectSection
EndProject
Project("{8BC9CEB8-8B4A-11D0-8D11-00A0C91BC942}") = "ZERO_CHECK", "ZERO_CHECK.vcxproj", "{91312121-E0AF-3F75-AE67-194B5871B332}"
	ProjectSection(ProjectDependencies) = postProject
	EndProjectSection
EndProject
Project("{8BC9CEB8-8B4A-11D0-8D11-00A0C91BC942}") = "opus", "opus.vcxproj", "{A2013ADF-2906-35A8-B338-E5EAE8243E6F}"
	ProjectSection(ProjectDependencies) = postProject
		{91312121-E0AF-3F75-AE67-194B5871B332} = {91312121-E0AF-3F75-AE67-194B5871B332}
	EndProjectSection
EndProject
Global
	GlobalSection(SolutionConfigurationPlatforms) = preSolution
		Debug|x64 = Debug|x64
		Release|x64 = Release|x64
		MinSizeRel|x64 = MinSizeRel|x64
		RelWithDebInfo|x64 = RelWithDebInfo|x64
	EndGlobalSection
	GlobalSection(ProjectConfigurationPlatforms) = postSolution
		{E704A67C-B98B-30AF-A68A-9CE9F55FFF2E}.Debug|x64.ActiveCfg = Debug|x64
		{E704A67C-B98B-30AF-A68A-9CE9F55FFF2E}.Debug|x64.Build.0 = Debug|x64
		{E704A67C-B98B-30AF-A68A-9CE9F55FFF2E}.Release|x64.ActiveCfg = Release|x64
		{E704A67C-B98B-30AF-A68A-9CE9F55FFF2E}.Release|x64.Build.0 = Release|x64
		{E704A67C-B98B-30AF-A68A-9CE9F55FFF2E}.MinSizeRel|x64.ActiveCfg = MinSizeRel|x64
		{E704A67C-B98B-30AF-A68A-9CE9F55FFF2E}.MinSizeRel|x64.Build.0 = MinSizeRel|x64
		{E704A67C-B98B-30AF-A68A-9CE9F55FFF2E}.RelWithDebInfo|x64.ActiveCfg = RelWithDebInfo|x64
		{E704A67C-B98B-30AF-A68A-9CE9F55FFF2E}.RelWithDebInfo|x64.Build.0 = RelWithDebInfo|x64
		{C95C1586-930F-3683-BE50-E77777DB2793}.Debug|x64.ActiveCfg = Debug|x64
		{C95C1586-930F-3683-BE50-E77777DB2793}.Release|x64.ActiveCfg = Release|x64
		{C95C1586-930F-3683-BE50-E77777DB2793}.MinSizeRel|x64.ActiveCfg = MinSizeRel|x64
		{C95C1586-930F-3683-BE50-E77777DB2793}.RelWithDebInfo|x64.ActiveCfg = RelWithDebInfo|x64
		{657AEDF1-D8C2-3350-96E1-3CB1E9688C72}.Debug|x64.ActiveCfg = Debug|x64
		{657AEDF1-D8C2-3350-96E1-3CB1E9688C72}.Release|x64.ActiveCfg = Release|x64
		{657AEDF1-D8C2-3350-96E1-3CB1E9688C72}.MinSizeRel|x64.ActiveCfg = MinSizeRel|x64
		{657AEDF1-D8C2-3350-96E1-3CB1E9688C72}.RelWithDebInfo|x64.ActiveCfg = RelWithDebInfo|x64
		{91312121-E0AF-3F75-AE67-194B5871B332}.Debug|x64.ActiveCfg = Debug|x64
		{91312121-E0AF-3F75-AE67-194B5871B332}.Debug|x64.Build.0 = Debug|x64
		{91312121-E0AF-3F75-AE67-194B5871B332}.Release|x64.ActiveCfg = Release|x64
		{91312121-E0AF-3F75-AE67-194B5871B332}.Release|x64.Build.0 = Release|x64
		{91312121-E0AF-3F75-AE67-194B5871B332}.MinSizeRel|x64.ActiveCfg = MinSizeRel|x64
		{91312121-E0AF-3F75-AE67-194B5871B332}.MinSizeRel|x64.Build.0 = MinSizeRel|x64
		{91312121-E0AF-3F75-AE67-194B5871B332}.RelWithDebInfo|x64.ActiveCfg = RelWithDebInfo|x64
		{91312121-E0AF-3F75-AE67-194B5871B332}.RelWithDebInfo|x64.Build.0 = RelWithDebInfo|x64
		{A2013ADF-2906-35A8-B338-E5EAE8243E6F}.Debug|x64.ActiveCfg = Debug|x64
		{A2013ADF-2906-35A8-B338-E5EAE8243E6F}.Debug|x64.Build.0 = Debug|x64
		{A2013ADF-2906-35A8-B338-E5EAE8243E6F}.Release|x64.ActiveCfg = Release|x64
		{A2013ADF-2906-35A8-B338-E5EAE8243E6F}.Release|x64.Build.0 = Release|x64
		{A2013ADF-2906-35A8-B338-E5EAE8243E6F}.MinSizeRel|x64.ActiveCfg = MinSizeRel|x64
		{A2013ADF-2906-35A8-B338-E5EAE8243E6F}.MinSizeRel|x64.Build.0 = MinSizeRel|x64
		{A2013ADF-2906-35A8-B338-E5EAE8243E6F}.RelWithDebInfo|x64.ActiveCfg = RelWithDebInfo|x64
		{A2013ADF-2906-35A8-B338-E5EAE8243E6F}.RelWithDebInfo|x64.Build.0 = RelWithDebInfo|x64
	EndGlobalSection
	GlobalSection(NestedProjects) = preSolution
		{E704A67C-B98B-30AF-A68A-9CE9F55FFF2E} = {B55EFEE9-4B5D-3C72-A9C9-5E31243E035F}
		{C95C1586-930F-3683-BE50-E77777DB2793} = {B55EFEE9-4B5D-3C72-A9C9-5E31243E035F}
		{657AEDF1-D8C2-3350-96E1-3CB1E9688C72} = {B55EFEE9-4B5D-3C72-A9C9-5E31243E035F}
		{91312121-E0AF-3F75-AE67-194B5871B332} = {B55EFEE9-4B5D-3C72-A9C9-5E31243E035F}
	EndGlobalSection
	GlobalSection(ExtensibilityGlobals) = postSolution
		SolutionGuid = {D1F1B5E1-77C0-3A5F-932F-B9D9A3DAB214}
	EndGlobalSection
	GlobalSection(ExtensibilityAddIns) = postSolution
	EndGlobalSection
EndGlobal
